
Microsoft Visual Studio Solution File, Format Version 12.00
# Visual Studio 15
VisualStudioVersion = 15.0.26430.15
MinimumVisualStudioVersion = 10.0.40219.1
Project("{FAE04EC0-301F-11D3-BF4B-00C04F79EFBC}") = "Elections", "Elections\Elections.csproj", "{46FA4B73-6D76-4D78-BB86-237F47AA42B7}"
EndProject
Project("{FAE04EC0-301F-11D3-BF4B-00C04F79EFBC}") = "ElectionFast", "ElectionFast\ElectionFast.csproj", "{9B0C48F9-833D-41DA-B0C3-C5E8428EB736}"
EndProject
Project("{FAE04EC0-301F-11D3-BF4B-00C04F79EFBC}") = "Lumber", "Lumber\Lumber.csproj", "{27158DB3-6CFE-4E1D-A785-14BE4411739A}"
EndProject
Project("{FAE04EC0-301F-11D3-BF4B-00C04F79EFBC}") = "ParkingZones", "ParkingZones\ParkingZones.csproj", "{339ED815-D6B5-42AD-9B0B-CC20870EE966}"
EndProject
Project("{FAE04EC0-301F-11D3-BF4B-00C04F79EFBC}") = "Parentheses", "Parentheses\Parentheses.csproj", "{63FD1FB5-0630-48BB-81F6-1394103326B5}"
EndProject
Project("{FAE04EC0-301F-11D3-BF4B-00C04F79EFBC}") = "Towns", "Towns\Towns.csproj", "{012BFA96-ECBD-4484-BB33-EE3995D23C92}"
EndProject
Global
	GlobalSection(SolutionConfigurationPlatforms) = preSolution
		Debug|Any CPU = Debug|Any CPU
		Release|Any CPU = Release|Any CPU
	EndGlobalSection
	GlobalSection(ProjectConfigurationPlatforms) = postSolution
		{46FA4B73-6D76-4D78-BB86-237F47AA42B7}.Debug|Any CPU.ActiveCfg = Debug|Any CPU
		{46FA4B73-6D76-4D78-BB86-237F47AA42B7}.Debug|Any CPU.Build.0 = Debug|Any CPU
		{46FA4B73-6D76-4D78-BB86-237F47AA42B7}.Release|Any CPU.ActiveCfg = Release|Any CPU
		{46FA4B73-6D76-4D78-BB86-237F47AA42B7}.Release|Any CPU.Build.0 = Release|Any CPU
		{9B0C48F9-833D-41DA-B0C3-C5E8428EB736}.Debug|Any CPU.ActiveCfg = Debug|Any CPU
		{9B0C48F9-833D-41DA-B0C3-C5E8428EB736}.Debug|Any CPU.Build.0 = Debug|Any CPU
		{9B0C48F9-833D-41DA-B0C3-C5E8428EB736}.Release|Any CPU.ActiveCfg = Release|Any CPU
		{9B0C48F9-833D-41DA-B0C3-C5E8428EB736}.Release|Any CPU.Build.0 = Release|Any CPU
		{27158DB3-6CFE-4E1D-A785-14BE4411739A}.Debug|Any CPU.ActiveCfg = Debug|Any CPU
		{27158DB3-6CFE-4E1D-A785-14BE4411739A}.Debug|Any CPU.Build.0 = Debug|Any CPU
		{27158DB3-6CFE-4E1D-A785-14BE4411739A}.Release|Any CPU.ActiveCfg = Release|Any CPU
		{27158DB3-6CFE-4E1D-A785-14BE4411739A}.Release|Any CPU.Build.0 = Release|Any CPU
		{339ED815-D6B5-42AD-9B0B-CC20870EE966}.Debug|Any CPU.ActiveCfg = Debug|Any CPU
		{339ED815-D6B5-42AD-9B0B-CC20870EE966}.Debug|Any CPU.Build.0 = Debug|Any CPU
		{339ED815-D6B5-42AD-9B0B-CC20870EE966}.Release|Any CPU.ActiveCfg = Release|Any CPU
		{339ED815-D6B5-42AD-9B0B-CC20870EE966}.Release|Any CPU.Build.0 = Release|Any CPU
		{63FD1FB5-0630-48BB-81F6-1394103326B5}.Debug|Any CPU.ActiveCfg = Debug|Any CPU
		{63FD1FB5-0630-48BB-81F6-1394103326B5}.Debug|Any CPU.Build.0 = Debug|Any CPU
		{63FD1FB5-0630-48BB-81F6-1394103326B5}.Release|Any CPU.ActiveCfg = Release|Any CPU
		{63FD1FB5-0630-48BB-81F6-1394103326B5}.Release|Any CPU.Build.0 = Release|Any CPU
		{012BFA96-ECBD-4484-BB33-EE3995D23C92}.Debug|Any CPU.ActiveCfg = Debug|Any CPU
		{012BFA96-ECBD-4484-BB33-EE3995D23C92}.Debug|Any CPU.Build.0 = Debug|Any CPU
		{012BFA96-ECBD-4484-BB33-EE3995D23C92}.Release|Any CPU.ActiveCfg = Release|Any CPU
		{012BFA96-ECBD-4484-BB33-EE3995D23C92}.Release|Any CPU.Build.0 = Release|Any CPU
	EndGlobalSection
	GlobalSection(SolutionProperties) = preSolution
		HideSolutionNode = FALSE
	EndGlobalSection
EndGlobal
