
Microsoft Visual Studio Solution File, Format Version 12.00
# Visual Studio 15
VisualStudioVersion = 15.0.26430.15
MinimumVisualStudioVersion = 10.0.40219.1
Project("{FAE04EC0-301F-11D3-BF4B-00C04F79EFBC}") = "Blocks", "Blocks\Blocks.csproj", "{CC192018-7933-43AB-AA23-6413E363C9B4}"
EndProject
Project("{FAE04EC0-301F-11D3-BF4B-00C04F79EFBC}") = "ZigzagMatrix", "ZigzagMatrix\ZigzagMatrix.csproj", "{28C701F6-879B-4EBF-B1E1-BE8888CF6720}"
EndProject
Global
	GlobalSection(SolutionConfigurationPlatforms) = preSolution
		Debug|Any CPU = Debug|Any CPU
		Release|Any CPU = Release|Any CPU
	EndGlobalSection
	GlobalSection(ProjectConfigurationPlatforms) = postSolution
		{CC192018-7933-43AB-AA23-6413E363C9B4}.Debug|Any CPU.ActiveCfg = Debug|Any CPU
		{CC192018-7933-43AB-AA23-6413E363C9B4}.Debug|Any CPU.Build.0 = Debug|Any CPU
		{CC192018-7933-43AB-AA23-6413E363C9B4}.Release|Any CPU.ActiveCfg = Release|Any CPU
		{CC192018-7933-43AB-AA23-6413E363C9B4}.Release|Any CPU.Build.0 = Release|Any CPU
		{28C701F6-879B-4EBF-B1E1-BE8888CF6720}.Debug|Any CPU.ActiveCfg = Debug|Any CPU
		{28C701F6-879B-4EBF-B1E1-BE8888CF6720}.Debug|Any CPU.Build.0 = Debug|Any CPU
		{28C701F6-879B-4EBF-B1E1-BE8888CF6720}.Release|Any CPU.ActiveCfg = Release|Any CPU
		{28C701F6-879B-4EBF-B1E1-BE8888CF6720}.Release|Any CPU.Build.0 = Release|Any CPU
	EndGlobalSection
	GlobalSection(SolutionProperties) = preSolution
		HideSolutionNode = FALSE
	EndGlobalSection
EndGlobal
